{
  "version": 4,
  "terraform_version": "1.9.6",
  "serial": 26,
  "lineage": "73675f85-ae32-9a59-2adc-4a2892c71b88",
  "outputs": {},
  "resources": [
    {
      "mode": "managed",
      "type": "docker_image",
      "name": "kafka_image",
      "provider": "provider[\"registry.terraform.io/kreuzwerker/docker\"]",
      "instances": [
        {
          "schema_version": 0,
          "attributes": {
            "build": [],
            "force_remove": null,
            "id": "sha256:a5dc2295d9040d2bfdf5371f1f4f871998a21a79e51274da0e2090254dcc39f7confluentinc/cp-kafka:latest",
            "image_id": "sha256:a5dc2295d9040d2bfdf5371f1f4f871998a21a79e51274da0e2090254dcc39f7",
            "keep_locally": null,
            "name": "confluentinc/cp-kafka:latest",
            "platform": null,
            "pull_triggers": null,
            "repo_digest": "confluentinc/cp-kafka@sha256:653f49c51cfebcf8301938d01044efead6afbd8dd60acd2bcf1605d7c6494d3b",
            "triggers": null
          },
          "sensitive_attributes": [],
          "private": "bnVsbA=="
        }
      ]
    },
    {
      "mode": "managed",
      "type": "docker_image",
      "name": "zookeeper_image",
      "provider": "provider[\"registry.terraform.io/kreuzwerker/docker\"]",
      "instances": [
        {
          "schema_version": 0,
          "attributes": {
            "build": [],
            "force_remove": null,
            "id": "sha256:0d33da084fd432689d158c2f6df99db6fe9478167c7da2179ba728683cb3feefconfluentinc/cp-zookeeper:latest",
            "image_id": "sha256:0d33da084fd432689d158c2f6df99db6fe9478167c7da2179ba728683cb3feef",
            "keep_locally": null,
            "name": "confluentinc/cp-zookeeper:latest",
            "platform": null,
            "pull_triggers": null,
            "repo_digest": "confluentinc/cp-zookeeper@sha256:86bfe47cc8b55e290bbe21c156e99ac3859df7a1dea66379e43a137d32e80ea3",
            "triggers": null
          },
          "sensitive_attributes": [],
          "private": "bnVsbA=="
        }
      ]
    },
    {
      "mode": "managed",
      "type": "docker_network",
      "name": "kafka_network",
      "provider": "provider[\"registry.terraform.io/kreuzwerker/docker\"]",
      "instances": [
        {
          "schema_version": 1,
          "attributes": {
            "attachable": false,
            "check_duplicate": null,
            "driver": "bridge",
            "id": "01feee0025dec95c3facd52f65b17797bc2bf16d61dbf804b3c0763f96c017f7",
            "ingress": false,
            "internal": false,
            "ipam_config": [
              {
                "aux_address": {},
                "gateway": "172.21.0.1",
                "ip_range": "",
                "subnet": "172.21.0.0/16"
              }
            ],
            "ipam_driver": "default",
            "ipam_options": null,
            "ipv6": false,
            "labels": [],
            "name": "kafka_network",
            "options": {},
            "scope": "local"
          },
          "sensitive_attributes": [],
          "private": "eyJzY2hlbWFfdmVyc2lvbiI6IjEifQ=="
        }
      ]
    }
  ],
  "check_results": null
}
